
Microsoft Visual Studio Solution File, Format Version 12.00
# Visual Studio Version 17
VisualStudioVersion = 17.0.32014.148
MinimumVisualStudioVersion = 10.0.40219.1
Project("{2150E333-8FDC-42A3-9474-1A3956D46DE8}") = "Infrastructure", "Infrastructure", "{D4194027-460E-4F90-9C03-3727F04EB41F}"
EndProject
Project("{2150E333-8FDC-42A3-9474-1A3956D46DE8}") = "Core", "Core", "{AB41E852-8A2B-4FEE-A156-B7B6F4CDBC2A}"
EndProject
Project("{9A19103F-16F7-4668-BE54-9A1E7A4F7556}") = "Core.Common", "core\Common\Core.Common.csproj", "{B7F8CE5A-3DCE-4C2B-9695-FABFF018C2A4}"
EndProject
Project("{2150E333-8FDC-42A3-9474-1A3956D46DE8}") = "Core", "Core", "{D9DDB801-5F28-4F13-893E-796781A24B51}"
EndProject
Project("{9A19103F-16F7-4668-BE54-9A1E7A4F7556}") = "Core.Logger", "core\Logger\Core.Logger.csproj", "{66A9A4AB-7B87-459B-8066-B5E5DB86E3D2}"
EndProject
Project("{2150E333-8FDC-42A3-9474-1A3956D46DE8}") = "Web", "Web", "{8C820F65-3F08-4209-A27A-C6414F9A06EA}"
EndProject
Project("{9A19103F-16F7-4668-BE54-9A1E7A4F7556}") = "WildOasis.Domain", "src\Core.Entities\WildOasis.Domain.csproj", "{999C533F-F593-47DD-9746-16E755CD225D}"
EndProject
Project("{9A19103F-16F7-4668-BE54-9A1E7A4F7556}") = "WildOasis.Infrastructure.Persistence", "src\Infrastructure.Persistence\WildOasis.Infrastructure.Persistence.csproj", "{46BD99AB-D5D0-479F-ABDE-96530E741EBC}"
EndProject
Project("{9A19103F-16F7-4668-BE54-9A1E7A4F7556}") = "WildOasis.Application", "src\Core\WildOasis.Application.csproj", "{575DA14C-0245-41F5-833D-B939083A96C1}"
EndProject
Project("{2150E333-8FDC-42A3-9474-1A3956D46DE8}") = "Tests", "Tests", "{4FE0A4CC-C546-4D4A-AC92-C4F173E664A7}"
EndProject
Project("{9A19103F-16F7-4668-BE54-9A1E7A4F7556}") = "WildOasis.Application.Test", "src\Core.UnitTests\WildOasis.Application.Test.csproj", "{F5A081D2-AC5B-4F2F-92EE-EEF09C365FEB}"
EndProject
Project("{9A19103F-16F7-4668-BE54-9A1E7A4F7556}") = "WildOasis.Infrastructure.Reporting", "src\Infrastructure.Service\WildOasis.Infrastructure.Reporting.csproj", "{85AA2BFC-BCDD-408F-9ABE-BAC7E806F2EA}"
EndProject
Project("{9A19103F-16F7-4668-BE54-9A1E7A4F7556}") = "WildOasis.API", "src\API\WildOasis.API.csproj", "{034D6017-2640-4F22-A20B-ECE9AD235C6A}"
EndProject
Global
	GlobalSection(SolutionConfigurationPlatforms) = preSolution
		Debug|Any CPU = Debug|Any CPU
		Release|Any CPU = Release|Any CPU
	EndGlobalSection
	GlobalSection(ProjectConfigurationPlatforms) = postSolution
		{B7F8CE5A-3DCE-4C2B-9695-FABFF018C2A4}.Debug|Any CPU.ActiveCfg = Debug|Any CPU
		{B7F8CE5A-3DCE-4C2B-9695-FABFF018C2A4}.Debug|Any CPU.Build.0 = Debug|Any CPU
		{B7F8CE5A-3DCE-4C2B-9695-FABFF018C2A4}.Release|Any CPU.ActiveCfg = Release|Any CPU
		{B7F8CE5A-3DCE-4C2B-9695-FABFF018C2A4}.Release|Any CPU.Build.0 = Release|Any CPU
		{66A9A4AB-7B87-459B-8066-B5E5DB86E3D2}.Debug|Any CPU.ActiveCfg = Debug|Any CPU
		{66A9A4AB-7B87-459B-8066-B5E5DB86E3D2}.Debug|Any CPU.Build.0 = Debug|Any CPU
		{66A9A4AB-7B87-459B-8066-B5E5DB86E3D2}.Release|Any CPU.ActiveCfg = Release|Any CPU
		{66A9A4AB-7B87-459B-8066-B5E5DB86E3D2}.Release|Any CPU.Build.0 = Release|Any CPU
		{999C533F-F593-47DD-9746-16E755CD225D}.Debug|Any CPU.ActiveCfg = Debug|Any CPU
		{999C533F-F593-47DD-9746-16E755CD225D}.Debug|Any CPU.Build.0 = Debug|Any CPU
		{999C533F-F593-47DD-9746-16E755CD225D}.Release|Any CPU.ActiveCfg = Release|Any CPU
		{999C533F-F593-47DD-9746-16E755CD225D}.Release|Any CPU.Build.0 = Release|Any CPU
		{46BD99AB-D5D0-479F-ABDE-96530E741EBC}.Debug|Any CPU.ActiveCfg = Debug|Any CPU
		{46BD99AB-D5D0-479F-ABDE-96530E741EBC}.Debug|Any CPU.Build.0 = Debug|Any CPU
		{46BD99AB-D5D0-479F-ABDE-96530E741EBC}.Release|Any CPU.ActiveCfg = Release|Any CPU
		{46BD99AB-D5D0-479F-ABDE-96530E741EBC}.Release|Any CPU.Build.0 = Release|Any CPU
		{575DA14C-0245-41F5-833D-B939083A96C1}.Debug|Any CPU.ActiveCfg = Debug|Any CPU
		{575DA14C-0245-41F5-833D-B939083A96C1}.Debug|Any CPU.Build.0 = Debug|Any CPU
		{575DA14C-0245-41F5-833D-B939083A96C1}.Release|Any CPU.ActiveCfg = Release|Any CPU
		{575DA14C-0245-41F5-833D-B939083A96C1}.Release|Any CPU.Build.0 = Release|Any CPU
		{F5A081D2-AC5B-4F2F-92EE-EEF09C365FEB}.Debug|Any CPU.ActiveCfg = Debug|Any CPU
		{F5A081D2-AC5B-4F2F-92EE-EEF09C365FEB}.Debug|Any CPU.Build.0 = Debug|Any CPU
		{F5A081D2-AC5B-4F2F-92EE-EEF09C365FEB}.Release|Any CPU.ActiveCfg = Release|Any CPU
		{F5A081D2-AC5B-4F2F-92EE-EEF09C365FEB}.Release|Any CPU.Build.0 = Release|Any CPU
		{85AA2BFC-BCDD-408F-9ABE-BAC7E806F2EA}.Debug|Any CPU.ActiveCfg = Debug|Any CPU
		{85AA2BFC-BCDD-408F-9ABE-BAC7E806F2EA}.Debug|Any CPU.Build.0 = Debug|Any CPU
		{85AA2BFC-BCDD-408F-9ABE-BAC7E806F2EA}.Release|Any CPU.ActiveCfg = Release|Any CPU
		{85AA2BFC-BCDD-408F-9ABE-BAC7E806F2EA}.Release|Any CPU.Build.0 = Release|Any CPU
		{034D6017-2640-4F22-A20B-ECE9AD235C6A}.Debug|Any CPU.ActiveCfg = Debug|Any CPU
		{034D6017-2640-4F22-A20B-ECE9AD235C6A}.Debug|Any CPU.Build.0 = Debug|Any CPU
		{034D6017-2640-4F22-A20B-ECE9AD235C6A}.Release|Any CPU.ActiveCfg = Release|Any CPU
		{034D6017-2640-4F22-A20B-ECE9AD235C6A}.Release|Any CPU.Build.0 = Release|Any CPU
	EndGlobalSection
	GlobalSection(SolutionProperties) = preSolution
		HideSolutionNode = FALSE
	EndGlobalSection
	GlobalSection(NestedProjects) = preSolution
		{D4194027-460E-4F90-9C03-3727F04EB41F} = {8C820F65-3F08-4209-A27A-C6414F9A06EA}
		{AB41E852-8A2B-4FEE-A156-B7B6F4CDBC2A} = {8C820F65-3F08-4209-A27A-C6414F9A06EA}
		{B7F8CE5A-3DCE-4C2B-9695-FABFF018C2A4} = {D9DDB801-5F28-4F13-893E-796781A24B51}
		{66A9A4AB-7B87-459B-8066-B5E5DB86E3D2} = {D9DDB801-5F28-4F13-893E-796781A24B51}
		{999C533F-F593-47DD-9746-16E755CD225D} = {AB41E852-8A2B-4FEE-A156-B7B6F4CDBC2A}
		{46BD99AB-D5D0-479F-ABDE-96530E741EBC} = {D4194027-460E-4F90-9C03-3727F04EB41F}
		{575DA14C-0245-41F5-833D-B939083A96C1} = {AB41E852-8A2B-4FEE-A156-B7B6F4CDBC2A}
		{F5A081D2-AC5B-4F2F-92EE-EEF09C365FEB} = {4FE0A4CC-C546-4D4A-AC92-C4F173E664A7}
		{85AA2BFC-BCDD-408F-9ABE-BAC7E806F2EA} = {D4194027-460E-4F90-9C03-3727F04EB41F}
		{034D6017-2640-4F22-A20B-ECE9AD235C6A} = {8C820F65-3F08-4209-A27A-C6414F9A06EA}
	EndGlobalSection
	GlobalSection(ExtensibilityGlobals) = postSolution
		SolutionGuid = {3050CD1C-792C-46B5-BFDF-8DAAE1A7E6BE}
	EndGlobalSection
EndGlobal
